<?xml version="1.0" encoding="utf-8"?>
<Project ToolsVersion="15.0" xmlns="http://schemas.microsoft.com/developer/msbuild/2003">
  <ItemGroup>
    <CustomBuild Include="D:\Dev\EPI-Code-Challenges-\epi_judge_cpp\CMakeFiles\7e865486aa0e87e63365f0544031047b\generate.stamp.rule">
      <Filter>CMake Rules</Filter>
    </CustomBuild>
  </ItemGroup>
  <ItemGroup>
    <Filter Include="CMake Rules">
      <UniqueIdentifier>{267BD060-AFF5-3CF3-99BE-14164CCA50B4}</UniqueIdentifier>
    </Filter>
  </ItemGroup>
</Project>
