<?xml version="1.0" encoding="utf-8"?>
<Project ToolsVersion="15.0" xmlns="http://schemas.microsoft.com/developer/msbuild/2003">
  <ItemGroup>
    <CustomBuild Include="D:\Dev\EPI-Code-Challenges-\epi_judge_cpp_solutions\CMakeFiles\69a1ccc1ed4097332203df32af2663b6\generate.stamp.rule">
      <Filter>CMake Rules</Filter>
    </CustomBuild>
  </ItemGroup>
  <ItemGroup>
    <Filter Include="CMake Rules">
      <UniqueIdentifier>{0C8DB6D3-CB6D-3D69-9E54-316AB97B024A}</UniqueIdentifier>
    </Filter>
  </ItemGroup>
</Project>
